// !$*UTF8*$!
{
	archiveVersion = 1;
	classes = {
	};
	objectVersion = 56;
	objects = {

/* Begin PBXBuildFile section */
		661BE8B9291DD88800CB01A2 /* BadgeBackground.swift in Sources */ = {isa = PBXBuildFile; fileRef = 661BE8B8291DD88800CB01A2 /* BadgeBackground.swift */; };
		663C21BD291A0F2000099E2D /* landmarkData.json in Resources */ = {isa = PBXBuildFile; fileRef = 663C21BC291A0F2000099E2D /* landmarkData.json */; };
		663C21BF291A0F3D00099E2D /* Landmark.swift in Sources */ = {isa = PBXBuildFile; fileRef = 663C21BE291A0F3D00099E2D /* Landmark.swift */; };
		663C21C1291A113400099E2D /* ModelData.swift in Sources */ = {isa = PBXBuildFile; fileRef = 663C21C0291A113400099E2D /* ModelData.swift */; };
		663C21C6291A1FEE00099E2D /* LandmarkRow.swift in Sources */ = {isa = PBXBuildFile; fileRef = 663C21C5291A1FEE00099E2D /* LandmarkRow.swift */; };
		663C21C8291A21B500099E2D /* LandmarkList.swift in Sources */ = {isa = PBXBuildFile; fileRef = 663C21C7291A21B500099E2D /* LandmarkList.swift */; };
		663C21CA291A245700099E2D /* LandmarkDetail.swift in Sources */ = {isa = PBXBuildFile; fileRef = 663C21C9291A245700099E2D /* LandmarkDetail.swift */; };
		664223FC291BC07A00F25209 /* FavoriteButton.swift in Sources */ = {isa = PBXBuildFile; fileRef = 664223FB291BC07A00F25209 /* FavoriteButton.swift */; };
		666E45EE2919EF9000F6FBBF /* SwiftUI_TutorialApp.swift in Sources */ = {isa = PBXBuildFile; fileRef = 666E45ED2919EF9000F6FBBF /* SwiftUI_TutorialApp.swift */; };
		666E45F02919EF9000F6FBBF /* ContentView.swift in Sources */ = {isa = PBXBuildFile; fileRef = 666E45EF2919EF9000F6FBBF /* ContentView.swift */; };
		666E45F22919EF9100F6FBBF /* Assets.xcassets in Resources */ = {isa = PBXBuildFile; fileRef = 666E45F12919EF9100F6FBBF /* Assets.xcassets */; };
		666E45F52919EF9100F6FBBF /* Preview Assets.xcassets in Resources */ = {isa = PBXBuildFile; fileRef = 666E45F42919EF9100F6FBBF /* Preview Assets.xcassets */; };
		666E45FF2919EF9100F6FBBF /* SwiftUI_TutorialTests.swift in Sources */ = {isa = PBXBuildFile; fileRef = 666E45FE2919EF9100F6FBBF /* SwiftUI_TutorialTests.swift */; };
		666E46092919EF9100F6FBBF /* SwiftUI_TutorialUITests.swift in Sources */ = {isa = PBXBuildFile; fileRef = 666E46082919EF9100F6FBBF /* SwiftUI_TutorialUITests.swift */; };
		666E460B2919EF9100F6FBBF /* SwiftUI_TutorialUITestsLaunchTests.swift in Sources */ = {isa = PBXBuildFile; fileRef = 666E460A2919EF9100F6FBBF /* SwiftUI_TutorialUITestsLaunchTests.swift */; };
		666E46182919F33F00F6FBBF /* CircleImage.swift in Sources */ = {isa = PBXBuildFile; fileRef = 666E46172919F33F00F6FBBF /* CircleImage.swift */; };
		666E461A2919F55D00F6FBBF /* MapView.swift in Sources */ = {isa = PBXBuildFile; fileRef = 666E46192919F55D00F6FBBF /* MapView.swift */; };
		666F1053291D0FF6009E5BF7 /* HexagonParameters.swift in Sources */ = {isa = PBXBuildFile; fileRef = 666F1052291D0FF6009E5BF7 /* HexagonParameters.swift */; };
/* End PBXBuildFile section */

/* Begin PBXContainerItemProxy section */
		666E45FB2919EF9100F6FBBF /* PBXContainerItemProxy */ = {
			isa = PBXContainerItemProxy;
			containerPortal = 666E45E22919EF9000F6FBBF /* Project object */;
			proxyType = 1;
			remoteGlobalIDString = 666E45E92919EF9000F6FBBF;
			remoteInfo = SwiftUI_Tutorial;
		};
		666E46052919EF9100F6FBBF /* PBXContainerItemProxy */ = {
			isa = PBXContainerItemProxy;
			containerPortal = 666E45E22919EF9000F6FBBF /* Project object */;
			proxyType = 1;
			remoteGlobalIDString = 666E45E92919EF9000F6FBBF;
			remoteInfo = SwiftUI_Tutorial;
		};
/* End PBXContainerItemProxy section */

/* Begin PBXFileReference section */
		661BE8B8291DD88800CB01A2 /* BadgeBackground.swift */ = {isa = PBXFileReference; lastKnownFileType = sourcecode.swift; path = BadgeBackground.swift; sourceTree = "<group>"; };
		663C21BC291A0F2000099E2D /* landmarkData.json */ = {isa = PBXFileReference; fileEncoding = 4; lastKnownFileType = text.json; path = landmarkData.json; sourceTree = "<group>"; };
		663C21BE291A0F3D00099E2D /* Landmark.swift */ = {isa = PBXFileReference; lastKnownFileType = sourcecode.swift; path = Landmark.swift; sourceTree = "<group>"; };
		663C21C0291A113400099E2D /* ModelData.swift */ = {isa = PBXFileReference; lastKnownFileType = sourcecode.swift; path = ModelData.swift; sourceTree = "<group>"; };
		663C21C5291A1FEE00099E2D /* LandmarkRow.swift */ = {isa = PBXFileReference; lastKnownFileType = sourcecode.swift; path = LandmarkRow.swift; sourceTree = "<group>"; };
		663C21C7291A21B500099E2D /* LandmarkList.swift */ = {isa = PBXFileReference; lastKnownFileType = sourcecode.swift; path = LandmarkList.swift; sourceTree = "<group>"; };
		663C21C9291A245700099E2D /* LandmarkDetail.swift */ = {isa = PBXFileReference; lastKnownFileType = sourcecode.swift; path = LandmarkDetail.swift; sourceTree = "<group>"; };
		664223FB291BC07A00F25209 /* FavoriteButton.swift */ = {isa = PBXFileReference; lastKnownFileType = sourcecode.swift; path = FavoriteButton.swift; sourceTree = "<group>"; };
		666E45EA2919EF9000F6FBBF /* SwiftUI_Tutorial.app */ = {isa = PBXFileReference; explicitFileType = wrapper.application; includeInIndex = 0; path = SwiftUI_Tutorial.app; sourceTree = BUILT_PRODUCTS_DIR; };
		666E45ED2919EF9000F6FBBF /* SwiftUI_TutorialApp.swift */ = {isa = PBXFileReference; lastKnownFileType = sourcecode.swift; path = SwiftUI_TutorialApp.swift; sourceTree = "<group>"; };
		666E45EF2919EF9000F6FBBF /* ContentView.swift */ = {isa = PBXFileReference; lastKnownFileType = sourcecode.swift; path = ContentView.swift; sourceTree = "<group>"; };
		666E45F12919EF9100F6FBBF /* Assets.xcassets */ = {isa = PBXFileReference; lastKnownFileType = folder.assetcatalog; path = Assets.xcassets; sourceTree = "<group>"; };
		666E45F42919EF9100F6FBBF /* Preview Assets.xcassets */ = {isa = PBXFileReference; lastKnownFileType = folder.assetcatalog; path = "Preview Assets.xcassets"; sourceTree = "<group>"; };
		666E45FA2919EF9100F6FBBF /* SwiftUI_TutorialTests.xctest */ = {isa = PBXFileReference; explicitFileType = wrapper.cfbundle; includeInIndex = 0; path = SwiftUI_TutorialTests.xctest; sourceTree = BUILT_PRODUCTS_DIR; };
		666E45FE2919EF9100F6FBBF /* SwiftUI_TutorialTests.swift */ = {isa = PBXFileReference; lastKnownFileType = sourcecode.swift; path = SwiftUI_TutorialTests.swift; sourceTree = "<group>"; };
		666E46042919EF9100F6FBBF /* SwiftUI_TutorialUITests.xctest */ = {isa = PBXFileReference; explicitFileType = wrapper.cfbundle; includeInIndex = 0; path = SwiftUI_TutorialUITests.xctest; sourceTree = BUILT_PRODUCTS_DIR; };
		666E46082919EF9100F6FBBF /* SwiftUI_TutorialUITests.swift */ = {isa = PBXFileReference; lastKnownFileType = sourcecode.swift; path = SwiftUI_TutorialUITests.swift; sourceTree = "<group>"; };
		666E460A2919EF9100F6FBBF /* SwiftUI_TutorialUITestsLaunchTests.swift */ = {isa = PBXFileReference; lastKnownFileType = sourcecode.swift; path = SwiftUI_TutorialUITestsLaunchTests.swift; sourceTree = "<group>"; };
		666E46172919F33F00F6FBBF /* CircleImage.swift */ = {isa = PBXFileReference; lastKnownFileType = sourcecode.swift; path = CircleImage.swift; sourceTree = "<group>"; };
		666E46192919F55D00F6FBBF /* MapView.swift */ = {isa = PBXFileReference; lastKnownFileType = sourcecode.swift; path = MapView.swift; sourceTree = "<group>"; };
		666F1052291D0FF6009E5BF7 /* HexagonParameters.swift */ = {isa = PBXFileReference; lastKnownFileType = sourcecode.swift; path = HexagonParameters.swift; sourceTree = "<group>"; };
/* End PBXFileReference section */

/* Begin PBXFrameworksBuildPhase section */
		666E45E72919EF9000F6FBBF /* Frameworks */ = {
			isa = PBXFrameworksBuildPhase;
			buildActionMask = 2147483647;
			files = (
			);
			runOnlyForDeploymentPostprocessing = 0;
		};
		666E45F72919EF9100F6FBBF /* Frameworks */ = {
			isa = PBXFrameworksBuildPhase;
			buildActionMask = 2147483647;
			files = (
			);
			runOnlyForDeploymentPostprocessing = 0;
		};
		666E46012919EF9100F6FBBF /* Frameworks */ = {
			isa = PBXFrameworksBuildPhase;
			buildActionMask = 2147483647;
			files = (
			);
			runOnlyForDeploymentPostprocessing = 0;
		};
/* End PBXFrameworksBuildPhase section */

/* Begin PBXGroup section */
		663C21C2291A1D9000099E2D /* Views */ = {
			isa = PBXGroup;
			children = (
				666E45EF2919EF9000F6FBBF /* ContentView.swift */,
				664223FD291BC14100F25209 /* Landmarks */,
				664223FE291BC16300F25209 /* Helpers */,
			);
			path = Views;
			sourceTree = "<group>";
		};
		663C21C3291A1DBA00099E2D /* Model */ = {
			isa = PBXGroup;
			children = (
				663C21BE291A0F3D00099E2D /* Landmark.swift */,
				663C21C0291A113400099E2D /* ModelData.swift */,
			);
			path = Model;
			sourceTree = "<group>";
		};
		663C21C4291A1DD400099E2D /* Resources */ = {
			isa = PBXGroup;
			children = (
				663C21BC291A0F2000099E2D /* landmarkData.json */,
			);
			path = Resources;
			sourceTree = "<group>";
		};
		664223FD291BC14100F25209 /* Landmarks */ = {
			isa = PBXGroup;
			children = (
				663C21C9291A245700099E2D /* LandmarkDetail.swift */,
				663C21C7291A21B500099E2D /* LandmarkList.swift */,
				663C21C5291A1FEE00099E2D /* LandmarkRow.swift */,
			);
			path = Landmarks;
			sourceTree = "<group>";
		};
		664223FE291BC16300F25209 /* Helpers */ = {
			isa = PBXGroup;
			children = (
				666E46172919F33F00F6FBBF /* CircleImage.swift */,
				666E46192919F55D00F6FBBF /* MapView.swift */,
				664223FB291BC07A00F25209 /* FavoriteButton.swift */,
				661BE8B8291DD88800CB01A2 /* BadgeBackground.swift */,
			);
			path = Helpers;
			sourceTree = "<group>";
		};
		666E45E12919EF9000F6FBBF = {
			isa = PBXGroup;
			children = (
				666E45EC2919EF9000F6FBBF /* SwiftUI_Tutorial */,
				666E45FD2919EF9100F6FBBF /* SwiftUI_TutorialTests */,
				666E46072919EF9100F6FBBF /* SwiftUI_TutorialUITests */,
				666E45EB2919EF9000F6FBBF /* Products */,
			);
			sourceTree = "<group>";
		};
		666E45EB2919EF9000F6FBBF /* Products */ = {
			isa = PBXGroup;
			children = (
				666E45EA2919EF9000F6FBBF /* SwiftUI_Tutorial.app */,
				666E45FA2919EF9100F6FBBF /* SwiftUI_TutorialTests.xctest */,
				666E46042919EF9100F6FBBF /* SwiftUI_TutorialUITests.xctest */,
			);
			name = Products;
			sourceTree = "<group>";
		};
		666E45EC2919EF9000F6FBBF /* SwiftUI_Tutorial */ = {
			isa = PBXGroup;
			children = (
				666E45ED2919EF9000F6FBBF /* SwiftUI_TutorialApp.swift */,
				666F1052291D0FF6009E5BF7 /* HexagonParameters.swift */,
				663C21C2291A1D9000099E2D /* Views */,
				663C21C3291A1DBA00099E2D /* Model */,
				663C21C4291A1DD400099E2D /* Resources */,
				666E45F12919EF9100F6FBBF /* Assets.xcassets */,
				666E45F32919EF9100F6FBBF /* Preview Content */,
			);
			path = SwiftUI_Tutorial;
			sourceTree = "<group>";
		};
		666E45F32919EF9100F6FBBF /* Preview Content */ = {
			isa = PBXGroup;
			children = (
				666E45F42919EF9100F6FBBF /* Preview Assets.xcassets */,
			);
			path = "Preview Content";
			sourceTree = "<group>";
		};
		666E45FD2919EF9100F6FBBF /* SwiftUI_TutorialTests */ = {
			isa = PBXGroup;
			children = (
				666E45FE2919EF9100F6FBBF /* SwiftUI_TutorialTests.swift */,
			);
			path = SwiftUI_TutorialTests;
			sourceTree = "<group>";
		};
		666E46072919EF9100F6FBBF /* SwiftUI_TutorialUITests */ = {
			isa = PBXGroup;
			children = (
				666E46082919EF9100F6FBBF /* SwiftUI_TutorialUITests.swift */,
				666E460A2919EF9100F6FBBF /* SwiftUI_TutorialUITestsLaunchTests.swift */,
			);
			path = SwiftUI_TutorialUITests;
			sourceTree = "<group>";
		};
/* End PBXGroup section */

/* Begin PBXNativeTarget section */
		666E45E92919EF9000F6FBBF /* SwiftUI_Tutorial */ = {
			isa = PBXNativeTarget;
			buildConfigurationList = 666E460E2919EF9100F6FBBF /* Build configuration list for PBXNativeTarget "SwiftUI_Tutorial" */;
			buildPhases = (
				666E45E62919EF9000F6FBBF /* Sources */,
				666E45E72919EF9000F6FBBF /* Frameworks */,
				666E45E82919EF9000F6FBBF /* Resources */,
			);
			buildRules = (
			);
			dependencies = (
			);
			name = SwiftUI_Tutorial;
			productName = SwiftUI_Tutorial;
			productReference = 666E45EA2919EF9000F6FBBF /* SwiftUI_Tutorial.app */;
			productType = "com.apple.product-type.application";
		};
		666E45F92919EF9100F6FBBF /* SwiftUI_TutorialTests */ = {
			isa = PBXNativeTarget;
			buildConfigurationList = 666E46112919EF9100F6FBBF /* Build configuration list for PBXNativeTarget "SwiftUI_TutorialTests" */;
			buildPhases = (
				666E45F62919EF9100F6FBBF /* Sources */,
				666E45F72919EF9100F6FBBF /* Frameworks */,
				666E45F82919EF9100F6FBBF /* Resources */,
			);
			buildRules = (
			);
			dependencies = (
				666E45FC2919EF9100F6FBBF /* PBXTargetDependency */,
			);
			name = SwiftUI_TutorialTests;
			productName = SwiftUI_TutorialTests;
			productReference = 666E45FA2919EF9100F6FBBF /* SwiftUI_TutorialTests.xctest */;
			productType = "com.apple.product-type.bundle.unit-test";
		};
		666E46032919EF9100F6FBBF /* SwiftUI_TutorialUITests */ = {
			isa = PBXNativeTarget;
			buildConfigurationList = 666E46142919EF9100F6FBBF /* Build configuration list for PBXNativeTarget "SwiftUI_TutorialUITests" */;
			buildPhases = (
				666E46002919EF9100F6FBBF /* Sources */,
				666E46012919EF9100F6FBBF /* Frameworks */,
				666E46022919EF9100F6FBBF /* Resources */,
			);
			buildRules = (
			);
			dependencies = (
				666E46062919EF9100F6FBBF /* PBXTargetDependency */,
			);
			name = SwiftUI_TutorialUITests;
			productName = SwiftUI_TutorialUITests;
			productReference = 666E46042919EF9100F6FBBF /* SwiftUI_TutorialUITests.xctest */;
			productType = "com.apple.product-type.bundle.ui-testing";
		};
/* End PBXNativeTarget section */

/* Begin PBXProject section */
		666E45E22919EF9000F6FBBF /* Project object */ = {
			isa = PBXProject;
			attributes = {
				BuildIndependentTargetsInParallel = 1;
				LastSwiftUpdateCheck = 1400;
				LastUpgradeCheck = 1400;
				TargetAttributes = {
					666E45E92919EF9000F6FBBF = {
						CreatedOnToolsVersion = 14.0;
					};
					666E45F92919EF9100F6FBBF = {
						CreatedOnToolsVersion = 14.0;
						TestTargetID = 666E45E92919EF9000F6FBBF;
					};
					666E46032919EF9100F6FBBF = {
						CreatedOnToolsVersion = 14.0;
						TestTargetID = 666E45E92919EF9000F6FBBF;
					};
				};
			};
			buildConfigurationList = 666E45E52919EF9000F6FBBF /* Build configuration list for PBXProject "SwiftUI_Tutorial" */;
			compatibilityVersion = "Xcode 14.0";
			developmentRegion = en;
			hasScannedForEncodings = 0;
			knownRegions = (
				en,
				Base,
			);
			mainGroup = 666E45E12919EF9000F6FBBF;
			productRefGroup = 666E45EB2919EF9000F6FBBF /* Products */;
			projectDirPath = "";
			projectRoot = "";
			targets = (
				666E45E92919EF9000F6FBBF /* SwiftUI_Tutorial */,
				666E45F92919EF9100F6FBBF /* SwiftUI_TutorialTests */,
				666E46032919EF9100F6FBBF /* SwiftUI_TutorialUITests */,
			);
		};
/* End PBXProject section */

/* Begin PBXResourcesBuildPhase section */
		666E45E82919EF9000F6FBBF /* Resources */ = {
			isa = PBXResourcesBuildPhase;
			buildActionMask = 2147483647;
			files = (
				666E45F52919EF9100F6FBBF /* Preview Assets.xcassets in Resources */,
				666E45F22919EF9100F6FBBF /* Assets.xcassets in Resources */,
				663C21BD291A0F2000099E2D /* landmarkData.json in Resources */,
			);
			runOnlyForDeploymentPostprocessing = 0;
		};
		666E45F82919EF9100F6FBBF /* Resources */ = {
			isa = PBXResourcesBuildPhase;
			buildActionMask = 2147483647;
			files = (
			);
			runOnlyForDeploymentPostprocessing = 0;
		};
		666E46022919EF9100F6FBBF /* Resources */ = {
			isa = PBXResourcesBuildPhase;
			buildActionMask = 2147483647;
			files = (
			);
			runOnlyForDeploymentPostprocessing = 0;
		};
/* End PBXResourcesBuildPhase section */

/* Begin PBXSourcesBuildPhase section */
		666E45E62919EF9000F6FBBF /* Sources */ = {
			isa = PBXSourcesBuildPhase;
			buildActionMask = 2147483647;
			files = (
				666E45F02919EF9000F6FBBF /* ContentView.swift in Sources */,
				666E461A2919F55D00F6FBBF /* MapView.swift in Sources */,
				666E45EE2919EF9000F6FBBF /* SwiftUI_TutorialApp.swift in Sources */,
				664223FC291BC07A00F25209 /* FavoriteButton.swift in Sources */,
				666F1053291D0FF6009E5BF7 /* HexagonParameters.swift in Sources */,
				663C21C8291A21B500099E2D /* LandmarkList.swift in Sources */,
				663C21CA291A245700099E2D /* LandmarkDetail.swift in Sources */,
				661BE8B9291DD88800CB01A2 /* BadgeBackground.swift in Sources */,
				666E46182919F33F00F6FBBF /* CircleImage.swift in Sources */,
				663C21BF291A0F3D00099E2D /* Landmark.swift in Sources */,
				663C21C6291A1FEE00099E2D /* LandmarkRow.swift in Sources */,
				663C21C1291A113400099E2D /* ModelData.swift in Sources */,
			);
			runOnlyForDeploymentPostprocessing = 0;
		};
		666E45F62919EF9100F6FBBF /* Sources */ = {
			isa = PBXSourcesBuildPhase;
			buildActionMask = 2147483647;
			files = (
				666E45FF2919EF9100F6FBBF /* SwiftUI_TutorialTests.swift in Sources */,
			);
			runOnlyForDeploymentPostprocessing = 0;
		};
		666E46002919EF9100F6FBBF /* Sources */ = {
			isa = PBXSourcesBuildPhase;
			buildActionMask = 2147483647;
			files = (
				666E460B2919EF9100F6FBBF /* SwiftUI_TutorialUITestsLaunchTests.swift in Sources */,
				666E46092919EF9100F6FBBF /* SwiftUI_TutorialUITests.swift in Sources */,
			);
			runOnlyForDeploymentPostprocessing = 0;
		};
/* End PBXSourcesBuildPhase section */

/* Begin PBXTargetDependency section */
		666E45FC2919EF9100F6FBBF /* PBXTargetDependency */ = {
			isa = PBXTargetDependency;
			target = 666E45E92919EF9000F6FBBF /* SwiftUI_Tutorial */;
			targetProxy = 666E45FB2919EF9100F6FBBF /* PBXContainerItemProxy */;
		};
		666E46062919EF9100F6FBBF /* PBXTargetDependency */ = {
			isa = PBXTargetDependency;
			target = 666E45E92919EF9000F6FBBF /* SwiftUI_Tutorial */;
			targetProxy = 666E46052919EF9100F6FBBF /* PBXContainerItemProxy */;
		};
/* End PBXTargetDependency section */

/* Begin XCBuildConfiguration section */
		666E460C2919EF9100F6FBBF /* Debug */ = {
			isa = XCBuildConfiguration;
			buildSettings = {
				ALWAYS_SEARCH_USER_PATHS = NO;
				CLANG_ANALYZER_NONNULL = YES;
				CLANG_ANALYZER_NUMBER_OBJECT_CONVERSION = YES_AGGRESSIVE;
				CLANG_CXX_LANGUAGE_STANDARD = "gnu++20";
				CLANG_ENABLE_MODULES = YES;
				CLANG_ENABLE_OBJC_ARC = YES;
				CLANG_ENABLE_OBJC_WEAK = YES;
				CLANG_WARN_BLOCK_CAPTURE_AUTORELEASING = YES;
				CLANG_WARN_BOOL_CONVERSION = YES;
				CLANG_WARN_COMMA = YES;
				CLANG_WARN_CONSTANT_CONVERSION = YES;
				CLANG_WARN_DEPRECATED_OBJC_IMPLEMENTATIONS = YES;
				CLANG_WARN_DIRECT_OBJC_ISA_USAGE = YES_ERROR;
				CLANG_WARN_DOCUMENTATION_COMMENTS = YES;
				CLANG_WARN_EMPTY_BODY = YES;
				CLANG_WARN_ENUM_CONVERSION = YES;
				CLANG_WARN_INFINITE_RECURSION = YES;
				CLANG_WARN_INT_CONVERSION = YES;
				CLANG_WARN_NON_LITERAL_NULL_CONVERSION = YES;
				CLANG_WARN_OBJC_IMPLICIT_RETAIN_SELF = YES;
				CLANG_WARN_OBJC_LITERAL_CONVERSION = YES;
				CLANG_WARN_OBJC_ROOT_CLASS = YES_ERROR;
				CLANG_WARN_QUOTED_INCLUDE_IN_FRAMEWORK_HEADER = YES;
				CLANG_WARN_RANGE_LOOP_ANALYSIS = YES;
				CLANG_WARN_STRICT_PROTOTYPES = YES;
				CLANG_WARN_SUSPICIOUS_MOVE = YES;
				CLANG_WARN_UNGUARDED_AVAILABILITY = YES_AGGRESSIVE;
				CLANG_WARN_UNREACHABLE_CODE = YES;
				CLANG_WARN__DUPLICATE_METHOD_MATCH = YES;
				COPY_PHASE_STRIP = NO;
				DEBUG_INFORMATION_FORMAT = dwarf;
				ENABLE_STRICT_OBJC_MSGSEND = YES;
				ENABLE_TESTABILITY = YES;
				GCC_C_LANGUAGE_STANDARD = gnu11;
				GCC_DYNAMIC_NO_PIC = NO;
				GCC_NO_COMMON_BLOCKS = YES;
				GCC_OPTIMIZATION_LEVEL = 0;
				GCC_PREPROCESSOR_DEFINITIONS = (
					"DEBUG=1",
					"$(inherited)",
				);
				GCC_WARN_64_TO_32_BIT_CONVERSION = YES;
				GCC_WARN_ABOUT_RETURN_TYPE = YES_ERROR;
				GCC_WARN_UNDECLARED_SELECTOR = YES;
				GCC_WARN_UNINITIALIZED_AUTOS = YES_AGGRESSIVE;
				GCC_WARN_UNUSED_FUNCTION = YES;
				GCC_WARN_UNUSED_VARIABLE = YES;
				IPHONEOS_DEPLOYMENT_TARGET = 16.0;
				MTL_ENABLE_DEBUG_INFO = INCLUDE_SOURCE;
				MTL_FAST_MATH = YES;
				ONLY_ACTIVE_ARCH = YES;
				SDKROOT = iphoneos;
				SWIFT_ACTIVE_COMPILATION_CONDITIONS = DEBUG;
				SWIFT_OPTIMIZATION_LEVEL = "-Onone";
			};
			name = Debug;
		};
		666E460D2919EF9100F6FBBF /* Release */ = {
			isa = XCBuildConfiguration;
			buildSettings = {
				ALWAYS_SEARCH_USER_PATHS = NO;
				CLANG_ANALYZER_NONNULL = YES;
				CLANG_ANALYZER_NUMBER_OBJECT_CONVERSION = YES_AGGRESSIVE;
				CLANG_CXX_LANGUAGE_STANDARD = "gnu++20";
				CLANG_ENABLE_MODULES = YES;
				CLANG_ENABLE_OBJC_ARC = YES;
				CLANG_ENABLE_OBJC_WEAK = YES;
				CLANG_WARN_BLOCK_CAPTURE_AUTORELEASING = YES;
				CLANG_WARN_BOOL_CONVERSION = YES;
				CLANG_WARN_COMMA = YES;
				CLANG_WARN_CONSTANT_CONVERSION = YES;
				CLANG_WARN_DEPRECATED_OBJC_IMPLEMENTATIONS = YES;
				CLANG_WARN_DIRECT_OBJC_ISA_USAGE = YES_ERROR;
				CLANG_WARN_DOCUMENTATION_COMMENTS = YES;
				CLANG_WARN_EMPTY_BODY = YES;
				CLANG_WARN_ENUM_CONVERSION = YES;
				CLANG_WARN_INFINITE_RECURSION = YES;
				CLANG_WARN_INT_CONVERSION = YES;
				CLANG_WARN_NON_LITERAL_NULL_CONVERSION = YES;
				CLANG_WARN_OBJC_IMPLICIT_RETAIN_SELF = YES;
				CLANG_WARN_OBJC_LITERAL_CONVERSION = YES;
				CLANG_WARN_OBJC_ROOT_CLASS = YES_ERROR;
				CLANG_WARN_QUOTED_INCLUDE_IN_FRAMEWORK_HEADER = YES;
				CLANG_WARN_RANGE_LOOP_ANALYSIS = YES;
				CLANG_WARN_STRICT_PROTOTYPES = YES;
				CLANG_WARN_SUSPICIOUS_MOVE = YES;
				CLANG_WARN_UNGUARDED_AVAILABILITY = YES_AGGRESSIVE;
				CLANG_WARN_UNREACHABLE_CODE = YES;
				CLANG_WARN__DUPLICATE_METHOD_MATCH = YES;
				COPY_PHASE_STRIP = NO;
				DEBUG_INFORMATION_FORMAT = "dwarf-with-dsym";
				ENABLE_NS_ASSERTIONS = NO;
				ENABLE_STRICT_OBJC_MSGSEND = YES;
				GCC_C_LANGUAGE_STANDARD = gnu11;
				GCC_NO_COMMON_BLOCKS = YES;
				GCC_WARN_64_TO_32_BIT_CONVERSION = YES;
				GCC_WARN_ABOUT_RETURN_TYPE = YES_ERROR;
				GCC_WARN_UNDECLARED_SELECTOR = YES;
				GCC_WARN_UNINITIALIZED_AUTOS = YES_AGGRESSIVE;
				GCC_WARN_UNUSED_FUNCTION = YES;
				GCC_WARN_UNUSED_VARIABLE = YES;
				IPHONEOS_DEPLOYMENT_TARGET = 16.0;
				MTL_ENABLE_DEBUG_INFO = NO;
				MTL_FAST_MATH = YES;
				SDKROOT = iphoneos;
				SWIFT_COMPILATION_MODE = wholemodule;
				SWIFT_OPTIMIZATION_LEVEL = "-O";
				VALIDATE_PRODUCT = YES;
			};
			name = Release;
		};
		666E460F2919EF9100F6FBBF /* Debug */ = {
			isa = XCBuildConfiguration;
			buildSettings = {
				ASSETCATALOG_COMPILER_APPICON_NAME = AppIcon;
				ASSETCATALOG_COMPILER_GLOBAL_ACCENT_COLOR_NAME = AccentColor;
				CODE_SIGN_STYLE = Automatic;
				CURRENT_PROJECT_VERSION = 1;
				DEVELOPMENT_ASSET_PATHS = "\"SwiftUI_Tutorial/Preview Content\"";
				DEVELOPMENT_TEAM = 7SYY94KXT2;
				ENABLE_PREVIEWS = YES;
				GENERATE_INFOPLIST_FILE = YES;
				INFOPLIST_KEY_UIApplicationSceneManifest_Generation = YES;
				INFOPLIST_KEY_UIApplicationSupportsIndirectInputEvents = YES;
				INFOPLIST_KEY_UILaunchScreen_Generation = YES;
				INFOPLIST_KEY_UISupportedInterfaceOrientations_iPad = "UIInterfaceOrientationPortrait UIInterfaceOrientationPortraitUpsideDown UIInterfaceOrientationLandscapeLeft UIInterfaceOrientationLandscapeRight";
				INFOPLIST_KEY_UISupportedInterfaceOrientations_iPhone = "UIInterfaceOrientationPortrait UIInterfaceOrientationLandscapeLeft UIInterfaceOrientationLandscapeRight";
				LD_RUNPATH_SEARCH_PATHS = (
					"$(inherited)",
					"@executable_path/Frameworks",
				);
				MARKETING_VERSION = 1.0;
				PRODUCT_BUNDLE_IDENTIFIER = "com.masataka.SwiftUI-Tutorial";
				PRODUCT_NAME = "$(TARGET_NAME)";
				SWIFT_EMIT_LOC_STRINGS = YES;
				SWIFT_VERSION = 5.0;
				TARGETED_DEVICE_FAMILY = "1,2";
			};
			name = Debug;
		};
		666E46102919EF9100F6FBBF /* Release */ = {
			isa = XCBuildConfiguration;
			buildSettings = {
				ASSETCATALOG_COMPILER_APPICON_NAME = AppIcon;
				ASSETCATALOG_COMPILER_GLOBAL_ACCENT_COLOR_NAME = AccentColor;
				CODE_SIGN_STYLE = Automatic;
				CURRENT_PROJECT_VERSION = 1;
				DEVELOPMENT_ASSET_PATHS = "\"SwiftUI_Tutorial/Preview Content\"";
				DEVELOPMENT_TEAM = 7SYY94KXT2;
				ENABLE_PREVIEWS = YES;
				GENERATE_INFOPLIST_FILE = YES;
				INFOPLIST_KEY_UIApplicationSceneManifest_Generation = YES;
				INFOPLIST_KEY_UIApplicationSupportsIndirectInputEvents = YES;
				INFOPLIST_KEY_UILaunchScreen_Generation = YES;
				INFOPLIST_KEY_UISupportedInterfaceOrientations_iPad = "UIInterfaceOrientationPortrait UIInterfaceOrientationPortraitUpsideDown UIInterfaceOrientationLandscapeLeft UIInterfaceOrientationLandscapeRight";
				INFOPLIST_KEY_UISupportedInterfaceOrientations_iPhone = "UIInterfaceOrientationPortrait UIInterfaceOrientationLandscapeLeft UIInterfaceOrientationLandscapeRight";
				LD_RUNPATH_SEARCH_PATHS = (
					"$(inherited)",
					"@executable_path/Frameworks",
				);
				MARKETING_VERSION = 1.0;
				PRODUCT_BUNDLE_IDENTIFIER = "com.masataka.SwiftUI-Tutorial";
				PRODUCT_NAME = "$(TARGET_NAME)";
				SWIFT_EMIT_LOC_STRINGS = YES;
				SWIFT_VERSION = 5.0;
				TARGETED_DEVICE_FAMILY = "1,2";
			};
			name = Release;
		};
		666E46122919EF9100F6FBBF /* Debug */ = {
			isa = XCBuildConfiguration;
			buildSettings = {
				ALWAYS_EMBED_SWIFT_STANDARD_LIBRARIES = YES;
				BUNDLE_LOADER = "$(TEST_HOST)";
				CODE_SIGN_STYLE = Automatic;
				CURRENT_PROJECT_VERSION = 1;
				DEVELOPMENT_TEAM = 7SYY94KXT2;
				GENERATE_INFOPLIST_FILE = YES;
				IPHONEOS_DEPLOYMENT_TARGET = 16.0;
				MARKETING_VERSION = 1.0;
				PRODUCT_BUNDLE_IDENTIFIER = "com.masataka.SwiftUI-TutorialTests";
				PRODUCT_NAME = "$(TARGET_NAME)";
				SWIFT_EMIT_LOC_STRINGS = NO;
				SWIFT_VERSION = 5.0;
				TARGETED_DEVICE_FAMILY = "1,2";
				TEST_HOST = "$(BUILT_PRODUCTS_DIR)/SwiftUI_Tutorial.app/$(BUNDLE_EXECUTABLE_FOLDER_PATH)/SwiftUI_Tutorial";
			};
			name = Debug;
		};
		666E46132919EF9100F6FBBF /* Release */ = {
			isa = XCBuildConfiguration;
			buildSettings = {
				ALWAYS_EMBED_SWIFT_STANDARD_LIBRARIES = YES;
				BUNDLE_LOADER = "$(TEST_HOST)";
				CODE_SIGN_STYLE = Automatic;
				CURRENT_PROJECT_VERSION = 1;
				DEVELOPMENT_TEAM = 7SYY94KXT2;
				GENERATE_INFOPLIST_FILE = YES;
				IPHONEOS_DEPLOYMENT_TARGET = 16.0;
				MARKETING_VERSION = 1.0;
				PRODUCT_BUNDLE_IDENTIFIER = "com.masataka.SwiftUI-TutorialTests";
				PRODUCT_NAME = "$(TARGET_NAME)";
				SWIFT_EMIT_LOC_STRINGS = NO;
				SWIFT_VERSION = 5.0;
				TARGETED_DEVICE_FAMILY = "1,2";
				TEST_HOST = "$(BUILT_PRODUCTS_DIR)/SwiftUI_Tutorial.app/$(BUNDLE_EXECUTABLE_FOLDER_PATH)/SwiftUI_Tutorial";
			};
			name = Release;
		};
		666E46152919EF9100F6FBBF /* Debug */ = {
			isa = XCBuildConfiguration;
			buildSettings = {
				ALWAYS_EMBED_SWIFT_STANDARD_LIBRARIES = YES;
				CODE_SIGN_STYLE = Automatic;
				CURRENT_PROJECT_VERSION = 1;
				DEVELOPMENT_TEAM = 7SYY94KXT2;
				GENERATE_INFOPLIST_FILE = YES;
				MARKETING_VERSION = 1.0;
				PRODUCT_BUNDLE_IDENTIFIER = "com.masataka.SwiftUI-TutorialUITests";
				PRODUCT_NAME = "$(TARGET_NAME)";
				SWIFT_EMIT_LOC_STRINGS = NO;
				SWIFT_VERSION = 5.0;
				TARGETED_DEVICE_FAMILY = "1,2";
				TEST_TARGET_NAME = SwiftUI_Tutorial;
			};
			name = Debug;
		};
		666E46162919EF9100F6FBBF /* Release */ = {
			isa = XCBuildConfiguration;
			buildSettings = {
				ALWAYS_EMBED_SWIFT_STANDARD_LIBRARIES = YES;
				CODE_SIGN_STYLE = Automatic;
				CURRENT_PROJECT_VERSION = 1;
				DEVELOPMENT_TEAM = 7SYY94KXT2;
				GENERATE_INFOPLIST_FILE = YES;
				MARKETING_VERSION = 1.0;
				PRODUCT_BUNDLE_IDENTIFIER = "com.masataka.SwiftUI-TutorialUITests";
				PRODUCT_NAME = "$(TARGET_NAME)";
				SWIFT_EMIT_LOC_STRINGS = NO;
				SWIFT_VERSION = 5.0;
				TARGETED_DEVICE_FAMILY = "1,2";
				TEST_TARGET_NAME = SwiftUI_Tutorial;
			};
			name = Release;
		};
/* End XCBuildConfiguration section */

/* Begin XCConfigurationList section */
		666E45E52919EF9000F6FBBF /* Build configuration list for PBXProject "SwiftUI_Tutorial" */ = {
			isa = XCConfigurationList;
			buildConfigurations = (
				666E460C2919EF9100F6FBBF /* Debug */,
				666E460D2919EF9100F6FBBF /* Release */,
			);
			defaultConfigurationIsVisible = 0;
			defaultConfigurationName = Release;
		};
		666E460E2919EF9100F6FBBF /* Build configuration list for PBXNativeTarget "SwiftUI_Tutorial" */ = {
			isa = XCConfigurationList;
			buildConfigurations = (
				666E460F2919EF9100F6FBBF /* Debug */,
				666E46102919EF9100F6FBBF /* Release */,
			);
			defaultConfigurationIsVisible = 0;
			defaultConfigurationName = Release;
		};
		666E46112919EF9100F6FBBF /* Build configuration list for PBXNativeTarget "SwiftUI_TutorialTests" */ = {
			isa = XCConfigurationList;
			buildConfigurations = (
				666E46122919EF9100F6FBBF /* Debug */,
				666E46132919EF9100F6FBBF /* Release */,
			);
			defaultConfigurationIsVisible = 0;
			defaultConfigurationName = Release;
		};
		666E46142919EF9100F6FBBF /* Build configuration list for PBXNativeTarget "SwiftUI_TutorialUITests" */ = {
			isa = XCConfigurationList;
			buildConfigurations = (
				666E46152919EF9100F6FBBF /* Debug */,
				666E46162919EF9100F6FBBF /* Release */,
			);
			defaultConfigurationIsVisible = 0;
			defaultConfigurationName = Release;
		};
/* End XCConfigurationList section */
	};
	rootObject = 666E45E22919EF9000F6FBBF /* Project object */;
}
